// !$*UTF8*$!
{
	archiveVersion = 1;
	classes = {
	};
	objectVersion = 56;
	objects = {

/* Begin PBXBuildFile section */
		83C87D2F2C0683B1001EF453 /* AppDelegate.swift in Sources */ = {isa = PBXBuildFile; fileRef = 83C87D2E2C0683B1001EF453 /* AppDelegate.swift */; };
		83C87D312C0683B1001EF453 /* SceneDelegate.swift in Sources */ = {isa = PBXBuildFile; fileRef = 83C87D302C0683B1001EF453 /* SceneDelegate.swift */; };
		83C87D362C0683B1001EF453 /* MainView.storyboard in Resources */ = {isa = PBXBuildFile; fileRef = 83C87D342C0683B1001EF453 /* MainView.storyboard */; };
		83C87D382C0683B5001EF453 /* AppIcon.xcassets in Resources */ = {isa = PBXBuildFile; fileRef = 83C87D372C0683B5001EF453 /* AppIcon.xcassets */; };
		83C87D3B2C0683B5001EF453 /* LaunchScreen.storyboard in Resources */ = {isa = PBXBuildFile; fileRef = 83C87D392C0683B5001EF453 /* LaunchScreen.storyboard */; };
		83C87D492C0687BC001EF453 /* Colours.xcassets in Resources */ = {isa = PBXBuildFile; fileRef = 83C87D482C0687BC001EF453 /* Colours.xcassets */; };
		83C87D4B2C0687CB001EF453 /* Icons.xcassets in Resources */ = {isa = PBXBuildFile; fileRef = 83C87D4A2C0687CB001EF453 /* Icons.xcassets */; };
		83C87D4D2C068C0F001EF453 /* MainViewController.swift in Sources */ = {isa = PBXBuildFile; fileRef = 83C87D4C2C068C0F001EF453 /* MainViewController.swift */; };
/* End PBXBuildFile section */

/* Begin PBXFileReference section */
		83C87D2B2C0683B1001EF453 /* ProfileCard.app */ = {isa = PBXFileReference; explicitFileType = wrapper.application; includeInIndex = 0; path = ProfileCard.app; sourceTree = BUILT_PRODUCTS_DIR; };
		83C87D2E2C0683B1001EF453 /* AppDelegate.swift */ = {isa = PBXFileReference; lastKnownFileType = sourcecode.swift; path = AppDelegate.swift; sourceTree = "<group>"; };
		83C87D302C0683B1001EF453 /* SceneDelegate.swift */ = {isa = PBXFileReference; lastKnownFileType = sourcecode.swift; path = SceneDelegate.swift; sourceTree = "<group>"; };
		83C87D352C0683B1001EF453 /* Base */ = {isa = PBXFileReference; lastKnownFileType = file.storyboard; name = Base; path = Base.lproj/MainView.storyboard; sourceTree = "<group>"; };
		83C87D372C0683B5001EF453 /* AppIcon.xcassets */ = {isa = PBXFileReference; lastKnownFileType = folder.assetcatalog; path = AppIcon.xcassets; sourceTree = "<group>"; };
		83C87D3A2C0683B5001EF453 /* Base */ = {isa = PBXFileReference; lastKnownFileType = file.storyboard; name = Base; path = Base.lproj/LaunchScreen.storyboard; sourceTree = "<group>"; };
		83C87D3C2C0683B5001EF453 /* Info.plist */ = {isa = PBXFileReference; lastKnownFileType = text.plist.xml; path = Info.plist; sourceTree = "<group>"; };
		83C87D482C0687BC001EF453 /* Colours.xcassets */ = {isa = PBXFileReference; lastKnownFileType = folder.assetcatalog; path = Colours.xcassets; sourceTree = "<group>"; };
		83C87D4A2C0687CB001EF453 /* Icons.xcassets */ = {isa = PBXFileReference; lastKnownFileType = folder.assetcatalog; path = Icons.xcassets; sourceTree = "<group>"; };
		83C87D4C2C068C0F001EF453 /* MainViewController.swift */ = {isa = PBXFileReference; lastKnownFileType = sourcecode.swift; path = MainViewController.swift; sourceTree = "<group>"; };
/* End PBXFileReference section */

/* Begin PBXFrameworksBuildPhase section */
		83C87D282C0683B1001EF453 /* Frameworks */ = {
			isa = PBXFrameworksBuildPhase;
			buildActionMask = 2147483647;
			files = (
			);
			runOnlyForDeploymentPostprocessing = 0;
		};
/* End PBXFrameworksBuildPhase section */

/* Begin PBXGroup section */
		83C87D222C0683B0001EF453 = {
			isa = PBXGroup;
			children = (
				83C87D2D2C0683B1001EF453 /* ProfileCard */,
				83C87D2C2C0683B1001EF453 /* Products */,
			);
			sourceTree = "<group>";
		};
		83C87D2C2C0683B1001EF453 /* Products */ = {
			isa = PBXGroup;
			children = (
				83C87D2B2C0683B1001EF453 /* ProfileCard.app */,
			);
			name = Products;
			sourceTree = "<group>";
		};
		83C87D2D2C0683B1001EF453 /* ProfileCard */ = {
			isa = PBXGroup;
			children = (
				83C87D432C0683E5001EF453 /* Utilities */,
				83C87D422C0683D0001EF453 /* Screens */,
			);
			path = ProfileCard;
			sourceTree = "<group>";
		};
		83C87D422C0683D0001EF453 /* Screens */ = {
			isa = PBXGroup;
			children = (
				83C87D452C06843F001EF453 /* Main */,
				83C87D442C068434001EF453 /* Launch */,
			);
			path = Screens;
			sourceTree = "<group>";
		};
		83C87D432C0683E5001EF453 /* Utilities */ = {
			isa = PBXGroup;
			children = (
				83C87D2E2C0683B1001EF453 /* AppDelegate.swift */,
				83C87D302C0683B1001EF453 /* SceneDelegate.swift */,
				83C87D372C0683B5001EF453 /* AppIcon.xcassets */,
				83C87D482C0687BC001EF453 /* Colours.xcassets */,
				83C87D4A2C0687CB001EF453 /* Icons.xcassets */,
				83C87D3C2C0683B5001EF453 /* Info.plist */,
			);
			path = Utilities;
			sourceTree = "<group>";
		};
		83C87D442C068434001EF453 /* Launch */ = {
			isa = PBXGroup;
			children = (
				83C87D392C0683B5001EF453 /* LaunchScreen.storyboard */,
			);
			path = Launch;
			sourceTree = "<group>";
		};
		83C87D452C06843F001EF453 /* Main */ = {
			isa = PBXGroup;
			children = (
				83C87D4C2C068C0F001EF453 /* MainViewController.swift */,
				83C87D342C0683B1001EF453 /* MainView.storyboard */,
			);
			path = Main;
			sourceTree = "<group>";
		};
/* End PBXGroup section */

/* Begin PBXNativeTarget section */
		83C87D2A2C0683B1001EF453 /* ProfileCard */ = {
			isa = PBXNativeTarget;
			buildConfigurationList = 83C87D3F2C0683B5001EF453 /* Build configuration list for PBXNativeTarget "ProfileCard" */;
			buildPhases = (
				83C87D272C0683B1001EF453 /* Sources */,
				83C87D282C0683B1001EF453 /* Frameworks */,
				83C87D292C0683B1001EF453 /* Resources */,
			);
			buildRules = (
			);
			dependencies = (
			);
			name = ProfileCard;
			productName = ProfileCard;
			productReference = 83C87D2B2C0683B1001EF453 /* ProfileCard.app */;
			productType = "com.apple.product-type.application";
		};
/* End PBXNativeTarget section */

/* Begin PBXProject section */
		83C87D232C0683B1001EF453 /* Project object */ = {
			isa = PBXProject;
			attributes = {
				BuildIndependentTargetsInParallel = 1;
				LastSwiftUpdateCheck = 1430;
				LastUpgradeCheck = 1430;
				TargetAttributes = {
					83C87D2A2C0683B1001EF453 = {
						CreatedOnToolsVersion = 14.3.1;
					};
				};
			};
			buildConfigurationList = 83C87D262C0683B1001EF453 /* Build configuration list for PBXProject "ProfileCard" */;
			compatibilityVersion = "Xcode 14.0";
			developmentRegion = en;
			hasScannedForEncodings = 0;
			knownRegions = (
				en,
				Base,
			);
			mainGroup = 83C87D222C0683B0001EF453;
			productRefGroup = 83C87D2C2C0683B1001EF453 /* Products */;
			projectDirPath = "";
			projectRoot = "";
			targets = (
				83C87D2A2C0683B1001EF453 /* ProfileCard */,
			);
		};
/* End PBXProject section */

/* Begin PBXResourcesBuildPhase section */
		83C87D292C0683B1001EF453 /* Resources */ = {
			isa = PBXResourcesBuildPhase;
			buildActionMask = 2147483647;
			files = (
				83C87D3B2C0683B5001EF453 /* LaunchScreen.storyboard in Resources */,
				83C87D382C0683B5001EF453 /* AppIcon.xcassets in Resources */,
				83C87D362C0683B1001EF453 /* MainView.storyboard in Resources */,
				83C87D492C0687BC001EF453 /* Colours.xcassets in Resources */,
				83C87D4B2C0687CB001EF453 /* Icons.xcassets in Resources */,
			);
			runOnlyForDeploymentPostprocessing = 0;
		};
/* End PBXResourcesBuildPhase section */

/* Begin PBXSourcesBuildPhase section */
		83C87D272C0683B1001EF453 /* Sources */ = {
			isa = PBXSourcesBuildPhase;
			buildActionMask = 2147483647;
			files = (
				83C87D4D2C068C0F001EF453 /* MainViewController.swift in Sources */,
				83C87D2F2C0683B1001EF453 /* AppDelegate.swift in Sources */,
				83C87D312C0683B1001EF453 /* SceneDelegate.swift in Sources */,
			);
			runOnlyForDeploymentPostprocessing = 0;
		};
/* End PBXSourcesBuildPhase section */

/* Begin PBXVariantGroup section */
		83C87D342C0683B1001EF453 /* MainView.storyboard */ = {
			isa = PBXVariantGroup;
			children = (
				83C87D352C0683B1001EF453 /* Base */,
			);
			name = MainView.storyboard;
			sourceTree = "<group>";
		};
		83C87D392C0683B5001EF453 /* LaunchScreen.storyboard */ = {
			isa = PBXVariantGroup;
			children = (
				83C87D3A2C0683B5001EF453 /* Base */,
			);
			name = LaunchScreen.storyboard;
			sourceTree = "<group>";
		};
/* End PBXVariantGroup section */

/* Begin XCBuildConfiguration section */
		83C87D3D2C0683B5001EF453 /* Debug */ = {
			isa = XCBuildConfiguration;
			buildSettings = {
				ALWAYS_SEARCH_USER_PATHS = NO;
				CLANG_ANALYZER_NONNULL = YES;
				CLANG_ANALYZER_NUMBER_OBJECT_CONVERSION = YES_AGGRESSIVE;
				CLANG_CXX_LANGUAGE_STANDARD = "gnu++20";
				CLANG_ENABLE_MODULES = YES;
				CLANG_ENABLE_OBJC_ARC = YES;
				CLANG_ENABLE_OBJC_WEAK = YES;
				CLANG_WARN_BLOCK_CAPTURE_AUTORELEASING = YES;
				CLANG_WARN_BOOL_CONVERSION = YES;
				CLANG_WARN_COMMA = YES;
				CLANG_WARN_CONSTANT_CONVERSION = YES;
				CLANG_WARN_DEPRECATED_OBJC_IMPLEMENTATIONS = YES;
				CLANG_WARN_DIRECT_OBJC_ISA_USAGE = YES_ERROR;
				CLANG_WARN_DOCUMENTATION_COMMENTS = YES;
				CLANG_WARN_EMPTY_BODY = YES;
				CLANG_WARN_ENUM_CONVERSION = YES;
				CLANG_WARN_INFINITE_RECURSION = YES;
				CLANG_WARN_INT_CONVERSION = YES;
				CLANG_WARN_NON_LITERAL_NULL_CONVERSION = YES;
				CLANG_WARN_OBJC_IMPLICIT_RETAIN_SELF = YES;
				CLANG_WARN_OBJC_LITERAL_CONVERSION = YES;
				CLANG_WARN_OBJC_ROOT_CLASS = YES_ERROR;
				CLANG_WARN_QUOTED_INCLUDE_IN_FRAMEWORK_HEADER = YES;
				CLANG_WARN_RANGE_LOOP_ANALYSIS = YES;
				CLANG_WARN_STRICT_PROTOTYPES = YES;
				CLANG_WARN_SUSPICIOUS_MOVE = YES;
				CLANG_WARN_UNGUARDED_AVAILABILITY = YES_AGGRESSIVE;
				CLANG_WARN_UNREACHABLE_CODE = YES;
				CLANG_WARN__DUPLICATE_METHOD_MATCH = YES;
				COPY_PHASE_STRIP = NO;
				DEBUG_INFORMATION_FORMAT = dwarf;
				ENABLE_STRICT_OBJC_MSGSEND = YES;
				ENABLE_TESTABILITY = YES;
				GCC_C_LANGUAGE_STANDARD = gnu11;
				GCC_DYNAMIC_NO_PIC = NO;
				GCC_NO_COMMON_BLOCKS = YES;
				GCC_OPTIMIZATION_LEVEL = 0;
				GCC_PREPROCESSOR_DEFINITIONS = (
					"DEBUG=1",
					"$(inherited)",
				);
				GCC_WARN_64_TO_32_BIT_CONVERSION = YES;
				GCC_WARN_ABOUT_RETURN_TYPE = YES_ERROR;
				GCC_WARN_UNDECLARED_SELECTOR = YES;
				GCC_WARN_UNINITIALIZED_AUTOS = YES_AGGRESSIVE;
				GCC_WARN_UNUSED_FUNCTION = YES;
				GCC_WARN_UNUSED_VARIABLE = YES;
				IPHONEOS_DEPLOYMENT_TARGET = 16.4;
				MTL_ENABLE_DEBUG_INFO = INCLUDE_SOURCE;
				MTL_FAST_MATH = YES;
				ONLY_ACTIVE_ARCH = YES;
				SDKROOT = iphoneos;
				SWIFT_ACTIVE_COMPILATION_CONDITIONS = DEBUG;
				SWIFT_OPTIMIZATION_LEVEL = "-Onone";
			};
			name = Debug;
		};
		83C87D3E2C0683B5001EF453 /* Release */ = {
			isa = XCBuildConfiguration;
			buildSettings = {
				ALWAYS_SEARCH_USER_PATHS = NO;
				CLANG_ANALYZER_NONNULL = YES;
				CLANG_ANALYZER_NUMBER_OBJECT_CONVERSION = YES_AGGRESSIVE;
				CLANG_CXX_LANGUAGE_STANDARD = "gnu++20";
				CLANG_ENABLE_MODULES = YES;
				CLANG_ENABLE_OBJC_ARC = YES;
				CLANG_ENABLE_OBJC_WEAK = YES;
				CLANG_WARN_BLOCK_CAPTURE_AUTORELEASING = YES;
				CLANG_WARN_BOOL_CONVERSION = YES;
				CLANG_WARN_COMMA = YES;
				CLANG_WARN_CONSTANT_CONVERSION = YES;
				CLANG_WARN_DEPRECATED_OBJC_IMPLEMENTATIONS = YES;
				CLANG_WARN_DIRECT_OBJC_ISA_USAGE = YES_ERROR;
				CLANG_WARN_DOCUMENTATION_COMMENTS = YES;
				CLANG_WARN_EMPTY_BODY = YES;
				CLANG_WARN_ENUM_CONVERSION = YES;
				CLANG_WARN_INFINITE_RECURSION = YES;
				CLANG_WARN_INT_CONVERSION = YES;
				CLANG_WARN_NON_LITERAL_NULL_CONVERSION = YES;
				CLANG_WARN_OBJC_IMPLICIT_RETAIN_SELF = YES;
				CLANG_WARN_OBJC_LITERAL_CONVERSION = YES;
				CLANG_WARN_OBJC_ROOT_CLASS = YES_ERROR;
				CLANG_WARN_QUOTED_INCLUDE_IN_FRAMEWORK_HEADER = YES;
				CLANG_WARN_RANGE_LOOP_ANALYSIS = YES;
				CLANG_WARN_STRICT_PROTOTYPES = YES;
				CLANG_WARN_SUSPICIOUS_MOVE = YES;
				CLANG_WARN_UNGUARDED_AVAILABILITY = YES_AGGRESSIVE;
				CLANG_WARN_UNREACHABLE_CODE = YES;
				CLANG_WARN__DUPLICATE_METHOD_MATCH = YES;
				COPY_PHASE_STRIP = NO;
				DEBUG_INFORMATION_FORMAT = "dwarf-with-dsym";
				ENABLE_NS_ASSERTIONS = NO;
				ENABLE_STRICT_OBJC_MSGSEND = YES;
				GCC_C_LANGUAGE_STANDARD = gnu11;
				GCC_NO_COMMON_BLOCKS = YES;
				GCC_WARN_64_TO_32_BIT_CONVERSION = YES;
				GCC_WARN_ABOUT_RETURN_TYPE = YES_ERROR;
				GCC_WARN_UNDECLARED_SELECTOR = YES;
				GCC_WARN_UNINITIALIZED_AUTOS = YES_AGGRESSIVE;
				GCC_WARN_UNUSED_FUNCTION = YES;
				GCC_WARN_UNUSED_VARIABLE = YES;
				IPHONEOS_DEPLOYMENT_TARGET = 16.4;
				MTL_ENABLE_DEBUG_INFO = NO;
				MTL_FAST_MATH = YES;
				SDKROOT = iphoneos;
				SWIFT_COMPILATION_MODE = wholemodule;
				SWIFT_OPTIMIZATION_LEVEL = "-O";
				VALIDATE_PRODUCT = YES;
			};
			name = Release;
		};
		83C87D402C0683B5001EF453 /* Debug */ = {
			isa = XCBuildConfiguration;
			buildSettings = {
				ASSETCATALOG_COMPILER_APPICON_NAME = AppIcon;
				ASSETCATALOG_COMPILER_GLOBAL_ACCENT_COLOR_NAME = AccentColor;
				CODE_SIGN_STYLE = Automatic;
				CURRENT_PROJECT_VERSION = 1;
				DEVELOPMENT_TEAM = XJ2GHDKS2G;
				GENERATE_INFOPLIST_FILE = YES;
				INFOPLIST_FILE = ProfileCard/Utilities/Info.plist;
				INFOPLIST_KEY_UIApplicationSupportsIndirectInputEvents = YES;
				INFOPLIST_KEY_UILaunchStoryboardName = LaunchScreen;
				INFOPLIST_KEY_UIMainStoryboardFile = MainView;
				INFOPLIST_KEY_UISupportedInterfaceOrientations_iPad = "UIInterfaceOrientationPortrait UIInterfaceOrientationPortraitUpsideDown UIInterfaceOrientationLandscapeLeft UIInterfaceOrientationLandscapeRight";
				INFOPLIST_KEY_UISupportedInterfaceOrientations_iPhone = "UIInterfaceOrientationPortrait UIInterfaceOrientationLandscapeLeft UIInterfaceOrientationLandscapeRight";
				LD_RUNPATH_SEARCH_PATHS = (
					"$(inherited)",
					"@executable_path/Frameworks",
				);
				MARKETING_VERSION = 1.0;
				PRODUCT_BUNDLE_IDENTIFIER = "earl-grey.ProfileCard";
				PRODUCT_NAME = "$(TARGET_NAME)";
				SWIFT_EMIT_LOC_STRINGS = YES;
				SWIFT_VERSION = 5.0;
				TARGETED_DEVICE_FAMILY = "1,2";
			};
			name = Debug;
		};
		83C87D412C0683B5001EF453 /* Release */ = {
			isa = XCBuildConfiguration;
			buildSettings = {
				ASSETCATALOG_COMPILER_APPICON_NAME = AppIcon;
				ASSETCATALOG_COMPILER_GLOBAL_ACCENT_COLOR_NAME = AccentColor;
				CODE_SIGN_STYLE = Automatic;
				CURRENT_PROJECT_VERSION = 1;
				DEVELOPMENT_TEAM = XJ2GHDKS2G;
				GENERATE_INFOPLIST_FILE = YES;
				INFOPLIST_FILE = ProfileCard/Utilities/Info.plist;
				INFOPLIST_KEY_UIApplicationSupportsIndirectInputEvents = YES;
				INFOPLIST_KEY_UILaunchStoryboardName = LaunchScreen;
				INFOPLIST_KEY_UIMainStoryboardFile = MainView;
				INFOPLIST_KEY_UISupportedInterfaceOrientations_iPad = "UIInterfaceOrientationPortrait UIInterfaceOrientationPortraitUpsideDown UIInterfaceOrientationLandscapeLeft UIInterfaceOrientationLandscapeRight";
				INFOPLIST_KEY_UISupportedInterfaceOrientations_iPhone = "UIInterfaceOrientationPortrait UIInterfaceOrientationLandscapeLeft UIInterfaceOrientationLandscapeRight";
				LD_RUNPATH_SEARCH_PATHS = (
					"$(inherited)",
					"@executable_path/Frameworks",
				);
				MARKETING_VERSION = 1.0;
				PRODUCT_BUNDLE_IDENTIFIER = "earl-grey.ProfileCard";
				PRODUCT_NAME = "$(TARGET_NAME)";
				SWIFT_EMIT_LOC_STRINGS = YES;
				SWIFT_VERSION = 5.0;
				TARGETED_DEVICE_FAMILY = "1,2";
			};
			name = Release;
		};
/* End XCBuildConfiguration section */

/* Begin XCConfigurationList section */
		83C87D262C0683B1001EF453 /* Build configuration list for PBXProject "ProfileCard" */ = {
			isa = XCConfigurationList;
			buildConfigurations = (
				83C87D3D2C0683B5001EF453 /* Debug */,
				83C87D3E2C0683B5001EF453 /* Release */,
			);
			defaultConfigurationIsVisible = 0;
			defaultConfigurationName = Release;
		};
		83C87D3F2C0683B5001EF453 /* Build configuration list for PBXNativeTarget "ProfileCard" */ = {
			isa = XCConfigurationList;
			buildConfigurations = (
				83C87D402C0683B5001EF453 /* Debug */,
				83C87D412C0683B5001EF453 /* Release */,
			);
			defaultConfigurationIsVisible = 0;
			defaultConfigurationName = Release;
		};
/* End XCConfigurationList section */
	};
	rootObject = 83C87D232C0683B1001EF453 /* Project object */;
}
